
Microsoft Visual Studio Solution File, Format Version 12.00
# Visual Studio Version 17
VisualStudioVersion = 17.14.36804.6 d17.14
MinimumVisualStudioVersion = 10.0.40219.1
Project("{FAE04EC0-301F-11D3-BF4B-00C04F79EFBC}") = "1aN", "1aN\1aN.csproj", "{4CF094BB-8E02-4F7C-B5FF-23E87BAA7BF0}"
EndProject
Global
	GlobalSection(SolutionConfigurationPlatforms) = preSolution
		Debug|Any CPU = Debug|Any CPU
		Release|Any CPU = Release|Any CPU
	EndGlobalSection
	GlobalSection(ProjectConfigurationPlatforms) = postSolution
		{4CF094BB-8E02-4F7C-B5FF-23E87BAA7BF0}.Debug|Any CPU.ActiveCfg = Debug|Any CPU
		{4CF094BB-8E02-4F7C-B5FF-23E87BAA7BF0}.Debug|Any CPU.Build.0 = Debug|Any CPU
		{4CF094BB-8E02-4F7C-B5FF-23E87BAA7BF0}.Release|Any CPU.ActiveCfg = Release|Any CPU
		{4CF094BB-8E02-4F7C-B5FF-23E87BAA7BF0}.Release|Any CPU.Build.0 = Release|Any CPU
	EndGlobalSection
	GlobalSection(SolutionProperties) = preSolution
		HideSolutionNode = FALSE
	EndGlobalSection
	GlobalSection(ExtensibilityGlobals) = postSolution
		SolutionGuid = {F0AFD5F9-0443-4CB6-8B4E-2E32DBF065B7}
	EndGlobalSection
EndGlobal
