
Microsoft Visual Studio Solution File, Format Version 12.00
# Visual Studio Version 17
VisualStudioVersion = 17.14.36804.6 d17.14
MinimumVisualStudioVersion = 10.0.40219.1
Project("{FAE04EC0-301F-11D3-BF4B-00C04F79EFBC}") = "5PessMaiorIDD", "5PessMaiorIDD\5PessMaiorIDD.csproj", "{E3165E7E-820B-4752-8E15-F74BA5860414}"
EndProject
Global
	GlobalSection(SolutionConfigurationPlatforms) = preSolution
		Debug|Any CPU = Debug|Any CPU
		Release|Any CPU = Release|Any CPU
	EndGlobalSection
	GlobalSection(ProjectConfigurationPlatforms) = postSolution
		{E3165E7E-820B-4752-8E15-F74BA5860414}.Debug|Any CPU.ActiveCfg = Debug|Any CPU
		{E3165E7E-820B-4752-8E15-F74BA5860414}.Debug|Any CPU.Build.0 = Debug|Any CPU
		{E3165E7E-820B-4752-8E15-F74BA5860414}.Release|Any CPU.ActiveCfg = Release|Any CPU
		{E3165E7E-820B-4752-8E15-F74BA5860414}.Release|Any CPU.Build.0 = Release|Any CPU
	EndGlobalSection
	GlobalSection(SolutionProperties) = preSolution
		HideSolutionNode = FALSE
	EndGlobalSection
	GlobalSection(ExtensibilityGlobals) = postSolution
		SolutionGuid = {E3BEB5C1-9D8F-4035-A417-F6C3C05C4187}
	EndGlobalSection
EndGlobal
