
Microsoft Visual Studio Solution File, Format Version 12.00
# Visual Studio Version 17
VisualStudioVersion = 17.14.36804.6 d17.14
MinimumVisualStudioVersion = 10.0.40219.1
Project("{FAE04EC0-301F-11D3-BF4B-00C04F79EFBC}") = "Seq300Mult3", "Seq300Mult3\Seq300Mult3.csproj", "{538F8D78-3D26-4675-A661-F6107774591D}"
EndProject
Global
	GlobalSection(SolutionConfigurationPlatforms) = preSolution
		Debug|Any CPU = Debug|Any CPU
		Release|Any CPU = Release|Any CPU
	EndGlobalSection
	GlobalSection(ProjectConfigurationPlatforms) = postSolution
		{538F8D78-3D26-4675-A661-F6107774591D}.Debug|Any CPU.ActiveCfg = Debug|Any CPU
		{538F8D78-3D26-4675-A661-F6107774591D}.Debug|Any CPU.Build.0 = Debug|Any CPU
		{538F8D78-3D26-4675-A661-F6107774591D}.Release|Any CPU.ActiveCfg = Release|Any CPU
		{538F8D78-3D26-4675-A661-F6107774591D}.Release|Any CPU.Build.0 = Release|Any CPU
	EndGlobalSection
	GlobalSection(SolutionProperties) = preSolution
		HideSolutionNode = FALSE
	EndGlobalSection
	GlobalSection(ExtensibilityGlobals) = postSolution
		SolutionGuid = {F289187A-4197-4879-8886-A1B8FA5D9F7C}
	EndGlobalSection
EndGlobal
