
Microsoft Visual Studio Solution File, Format Version 12.00
# Visual Studio Version 17
VisualStudioVersion = 17.14.36804.6 d17.14
MinimumVisualStudioVersion = 10.0.40219.1
Project("{FAE04EC0-301F-11D3-BF4B-00C04F79EFBC}") = "Ler3Valores", "Ler3Valores\Ler3Valores.csproj", "{66101F02-40A2-4028-8371-B8EB43539936}"
EndProject
Global
	GlobalSection(SolutionConfigurationPlatforms) = preSolution
		Debug|Any CPU = Debug|Any CPU
		Release|Any CPU = Release|Any CPU
	EndGlobalSection
	GlobalSection(ProjectConfigurationPlatforms) = postSolution
		{66101F02-40A2-4028-8371-B8EB43539936}.Debug|Any CPU.ActiveCfg = Debug|Any CPU
		{66101F02-40A2-4028-8371-B8EB43539936}.Debug|Any CPU.Build.0 = Debug|Any CPU
		{66101F02-40A2-4028-8371-B8EB43539936}.Release|Any CPU.ActiveCfg = Release|Any CPU
		{66101F02-40A2-4028-8371-B8EB43539936}.Release|Any CPU.Build.0 = Release|Any CPU
	EndGlobalSection
	GlobalSection(SolutionProperties) = preSolution
		HideSolutionNode = FALSE
	EndGlobalSection
	GlobalSection(ExtensibilityGlobals) = postSolution
		SolutionGuid = {8D8AFA2B-2E18-4D18-9D15-058AF9643DA6}
	EndGlobalSection
EndGlobal
